
Microsoft Visual Studio Solution File, Format Version 11.00
# Visual Studio 2010
Project("{FAE04EC0-301F-11D3-BF4B-00C04F79EFBC}") = "UnityEngine.TestRunner", "UnityEngine.TestRunner.csproj", "{7216AB00-F38E-3458-6D27-B672BE14AEF4}"
EndProject
Project("{FAE04EC0-301F-11D3-BF4B-00C04F79EFBC}") = "Unity.Timeline", "Unity.Timeline.csproj", "{2CEEFB80-31D0-A9BF-B91D-B662154DE514}"
EndProject
Project("{FAE04EC0-301F-11D3-BF4B-00C04F79EFBC}") = "UnityEngine.UI", "UnityEngine.UI.csproj", "{047EC954-7788-EC89-1D2A-7EAE1D11BE6A}"
EndProject
Project("{FAE04EC0-301F-11D3-BF4B-00C04F79EFBC}") = "Unity.TextMeshPro", "Unity.TextMeshPro.csproj", "{A326DA14-96E1-85E3-DBB1-61A6E8D3AFA9}"
EndProject
Project("{FAE04EC0-301F-11D3-BF4B-00C04F79EFBC}") = "Assembly-CSharp", "Assembly-CSharp.csproj", "{0B6511EB-F410-20FD-0585-C26B7B1E9C9F}"
EndProject
Project("{FAE04EC0-301F-11D3-BF4B-00C04F79EFBC}") = "UnityEditor.TestRunner", "UnityEditor.TestRunner.csproj", "{61668691-B31F-DDF8-8B16-BB1EE4264B66}"
EndProject
Project("{FAE04EC0-301F-11D3-BF4B-00C04F79EFBC}") = "Unity.PlasticSCM.Editor", "Unity.PlasticSCM.Editor.csproj", "{D283B4CB-7590-32BA-E8AD-7519DDD7C288}"
EndProject
Project("{FAE04EC0-301F-11D3-BF4B-00C04F79EFBC}") = "UnityEditor.UI", "UnityEditor.UI.csproj", "{53715892-3F93-8D8B-160B-D26136130DF8}"
EndProject
Project("{FAE04EC0-301F-11D3-BF4B-00C04F79EFBC}") = "Unity.Services.Core.Editor", "Unity.Services.Core.Editor.csproj", "{E8A90757-8295-4653-7502-DE9B1E1568B3}"
EndProject
Project("{FAE04EC0-301F-11D3-BF4B-00C04F79EFBC}") = "Unity.Timeline.Editor", "Unity.Timeline.Editor.csproj", "{9866B328-833F-ED17-B652-1040EAC2A1D2}"
EndProject
Project("{FAE04EC0-301F-11D3-BF4B-00C04F79EFBC}") = "Unity.VisualStudio.Editor", "Unity.VisualStudio.Editor.csproj", "{4CAA109C-7473-BC18-A7B9-A35DA0AA3D86}"
EndProject
Project("{FAE04EC0-301F-11D3-BF4B-00C04F79EFBC}") = "Unity.TextMeshPro.Editor", "Unity.TextMeshPro.Editor.csproj", "{E5410E3D-B3E7-6700-FADC-E319026268DE}"
EndProject
Project("{FAE04EC0-301F-11D3-BF4B-00C04F79EFBC}") = "Unity.CollabProxy.Editor", "Unity.CollabProxy.Editor.csproj", "{BE218199-B756-F2D0-A808-2C394C0B60F6}"
EndProject
Project("{FAE04EC0-301F-11D3-BF4B-00C04F79EFBC}") = "Unity.Rider.Editor", "Unity.Rider.Editor.csproj", "{76F640C3-9E44-A63C-52C9-8FE5BCDE40AE}"
EndProject
Project("{FAE04EC0-301F-11D3-BF4B-00C04F79EFBC}") = "Unity.VSCode.Editor", "Unity.VSCode.Editor.csproj", "{013E61CC-4ED1-CB44-00F3-4E5FCD5A7E86}"
EndProject
Project("{FAE04EC0-301F-11D3-BF4B-00C04F79EFBC}") = "UnityEngine.TestRunner.Player", "UnityEngine.TestRunner.Player.csproj", "{2D6B1790-2E50-9705-F659-6B12BB096FAA}"
EndProject
Project("{FAE04EC0-301F-11D3-BF4B-00C04F79EFBC}") = "Unity.Timeline.Player", "Unity.Timeline.Player.csproj", "{32EBA3DB-B22A-AA59-F8D3-C2D63FAD137B}"
EndProject
Project("{FAE04EC0-301F-11D3-BF4B-00C04F79EFBC}") = "UnityEngine.UI.Player", "UnityEngine.UI.Player.csproj", "{6419B189-DD2D-2DD9-9DC9-809B48987823}"
EndProject
Project("{FAE04EC0-301F-11D3-BF4B-00C04F79EFBC}") = "Unity.TextMeshPro.Player", "Unity.TextMeshPro.Player.csproj", "{DDD5AAAC-45A1-8A1B-D964-A2DA978DED57}"
EndProject
Project("{FAE04EC0-301F-11D3-BF4B-00C04F79EFBC}") = "Assembly-CSharp.Player", "Assembly-CSharp.Player.csproj", "{CB082C09-324D-8075-6F31-0CF72020C04A}"
EndProject
Global
	GlobalSection(SolutionConfigurationPlatforms) = preSolution
		Debug|Any CPU = Debug|Any CPU
		Release|Any CPU = Release|Any CPU
	EndGlobalSection
	GlobalSection(ProjectConfigurationPlatforms) = postSolution
		{7216AB00-F38E-3458-6D27-B672BE14AEF4}.Debug|Any CPU.ActiveCfg = Debug|Any CPU
		{7216AB00-F38E-3458-6D27-B672BE14AEF4}.Debug|Any CPU.Build.0 = Debug|Any CPU
		{7216AB00-F38E-3458-6D27-B672BE14AEF4}.Release|Any CPU.ActiveCfg = Release|Any CPU
		{7216AB00-F38E-3458-6D27-B672BE14AEF4}.Release|Any CPU.Build.0 = Release|Any CPU
		{2CEEFB80-31D0-A9BF-B91D-B662154DE514}.Debug|Any CPU.ActiveCfg = Debug|Any CPU
		{2CEEFB80-31D0-A9BF-B91D-B662154DE514}.Debug|Any CPU.Build.0 = Debug|Any CPU
		{2CEEFB80-31D0-A9BF-B91D-B662154DE514}.Release|Any CPU.ActiveCfg = Release|Any CPU
		{2CEEFB80-31D0-A9BF-B91D-B662154DE514}.Release|Any CPU.Build.0 = Release|Any CPU
		{047EC954-7788-EC89-1D2A-7EAE1D11BE6A}.Debug|Any CPU.ActiveCfg = Debug|Any CPU
		{047EC954-7788-EC89-1D2A-7EAE1D11BE6A}.Debug|Any CPU.Build.0 = Debug|Any CPU
		{047EC954-7788-EC89-1D2A-7EAE1D11BE6A}.Release|Any CPU.ActiveCfg = Release|Any CPU
		{047EC954-7788-EC89-1D2A-7EAE1D11BE6A}.Release|Any CPU.Build.0 = Release|Any CPU
		{A326DA14-96E1-85E3-DBB1-61A6E8D3AFA9}.Debug|Any CPU.ActiveCfg = Debug|Any CPU
		{A326DA14-96E1-85E3-DBB1-61A6E8D3AFA9}.Debug|Any CPU.Build.0 = Debug|Any CPU
		{A326DA14-96E1-85E3-DBB1-61A6E8D3AFA9}.Release|Any CPU.ActiveCfg = Release|Any CPU
		{A326DA14-96E1-85E3-DBB1-61A6E8D3AFA9}.Release|Any CPU.Build.0 = Release|Any CPU
		{0B6511EB-F410-20FD-0585-C26B7B1E9C9F}.Debug|Any CPU.ActiveCfg = Debug|Any CPU
		{0B6511EB-F410-20FD-0585-C26B7B1E9C9F}.Debug|Any CPU.Build.0 = Debug|Any CPU
		{0B6511EB-F410-20FD-0585-C26B7B1E9C9F}.Release|Any CPU.ActiveCfg = Release|Any CPU
		{0B6511EB-F410-20FD-0585-C26B7B1E9C9F}.Release|Any CPU.Build.0 = Release|Any CPU
		{61668691-B31F-DDF8-8B16-BB1EE4264B66}.Debug|Any CPU.ActiveCfg = Debug|Any CPU
		{61668691-B31F-DDF8-8B16-BB1EE4264B66}.Debug|Any CPU.Build.0 = Debug|Any CPU
		{61668691-B31F-DDF8-8B16-BB1EE4264B66}.Release|Any CPU.ActiveCfg = Release|Any CPU
		{61668691-B31F-DDF8-8B16-BB1EE4264B66}.Release|Any CPU.Build.0 = Release|Any CPU
		{D283B4CB-7590-32BA-E8AD-7519DDD7C288}.Debug|Any CPU.ActiveCfg = Debug|Any CPU
		{D283B4CB-7590-32BA-E8AD-7519DDD7C288}.Debug|Any CPU.Build.0 = Debug|Any CPU
		{D283B4CB-7590-32BA-E8AD-7519DDD7C288}.Release|Any CPU.ActiveCfg = Release|Any CPU
		{D283B4CB-7590-32BA-E8AD-7519DDD7C288}.Release|Any CPU.Build.0 = Release|Any CPU
		{53715892-3F93-8D8B-160B-D26136130DF8}.Debug|Any CPU.ActiveCfg = Debug|Any CPU
		{53715892-3F93-8D8B-160B-D26136130DF8}.Debug|Any CPU.Build.0 = Debug|Any CPU
		{53715892-3F93-8D8B-160B-D26136130DF8}.Release|Any CPU.ActiveCfg = Release|Any CPU
		{53715892-3F93-8D8B-160B-D26136130DF8}.Release|Any CPU.Build.0 = Release|Any CPU
		{E8A90757-8295-4653-7502-DE9B1E1568B3}.Debug|Any CPU.ActiveCfg = Debug|Any CPU
		{E8A90757-8295-4653-7502-DE9B1E1568B3}.Debug|Any CPU.Build.0 = Debug|Any CPU
		{E8A90757-8295-4653-7502-DE9B1E1568B3}.Release|Any CPU.ActiveCfg = Release|Any CPU
		{E8A90757-8295-4653-7502-DE9B1E1568B3}.Release|Any CPU.Build.0 = Release|Any CPU
		{9866B328-833F-ED17-B652-1040EAC2A1D2}.Debug|Any CPU.ActiveCfg = Debug|Any CPU
		{9866B328-833F-ED17-B652-1040EAC2A1D2}.Debug|Any CPU.Build.0 = Debug|Any CPU
		{9866B328-833F-ED17-B652-1040EAC2A1D2}.Release|Any CPU.ActiveCfg = Release|Any CPU
		{9866B328-833F-ED17-B652-1040EAC2A1D2}.Release|Any CPU.Build.0 = Release|Any CPU
		{4CAA109C-7473-BC18-A7B9-A35DA0AA3D86}.Debug|Any CPU.ActiveCfg = Debug|Any CPU
		{4CAA109C-7473-BC18-A7B9-A35DA0AA3D86}.Debug|Any CPU.Build.0 = Debug|Any CPU
		{4CAA109C-7473-BC18-A7B9-A35DA0AA3D86}.Release|Any CPU.ActiveCfg = Release|Any CPU
		{4CAA109C-7473-BC18-A7B9-A35DA0AA3D86}.Release|Any CPU.Build.0 = Release|Any CPU
		{E5410E3D-B3E7-6700-FADC-E319026268DE}.Debug|Any CPU.ActiveCfg = Debug|Any CPU
		{E5410E3D-B3E7-6700-FADC-E319026268DE}.Debug|Any CPU.Build.0 = Debug|Any CPU
		{E5410E3D-B3E7-6700-FADC-E319026268DE}.Release|Any CPU.ActiveCfg = Release|Any CPU
		{E5410E3D-B3E7-6700-FADC-E319026268DE}.Release|Any CPU.Build.0 = Release|Any CPU
		{BE218199-B756-F2D0-A808-2C394C0B60F6}.Debug|Any CPU.ActiveCfg = Debug|Any CPU
		{BE218199-B756-F2D0-A808-2C394C0B60F6}.Debug|Any CPU.Build.0 = Debug|Any CPU
		{BE218199-B756-F2D0-A808-2C394C0B60F6}.Release|Any CPU.ActiveCfg = Release|Any CPU
		{BE218199-B756-F2D0-A808-2C394C0B60F6}.Release|Any CPU.Build.0 = Release|Any CPU
		{76F640C3-9E44-A63C-52C9-8FE5BCDE40AE}.Debug|Any CPU.ActiveCfg = Debug|Any CPU
		{76F640C3-9E44-A63C-52C9-8FE5BCDE40AE}.Debug|Any CPU.Build.0 = Debug|Any CPU
		{76F640C3-9E44-A63C-52C9-8FE5BCDE40AE}.Release|Any CPU.ActiveCfg = Release|Any CPU
		{76F640C3-9E44-A63C-52C9-8FE5BCDE40AE}.Release|Any CPU.Build.0 = Release|Any CPU
		{013E61CC-4ED1-CB44-00F3-4E5FCD5A7E86}.Debug|Any CPU.ActiveCfg = Debug|Any CPU
		{013E61CC-4ED1-CB44-00F3-4E5FCD5A7E86}.Debug|Any CPU.Build.0 = Debug|Any CPU
		{013E61CC-4ED1-CB44-00F3-4E5FCD5A7E86}.Release|Any CPU.ActiveCfg = Release|Any CPU
		{013E61CC-4ED1-CB44-00F3-4E5FCD5A7E86}.Release|Any CPU.Build.0 = Release|Any CPU
		{2D6B1790-2E50-9705-F659-6B12BB096FAA}.Debug|Any CPU.ActiveCfg = Debug|Any CPU
		{2D6B1790-2E50-9705-F659-6B12BB096FAA}.Debug|Any CPU.Build.0 = Debug|Any CPU
		{2D6B1790-2E50-9705-F659-6B12BB096FAA}.Release|Any CPU.ActiveCfg = Release|Any CPU
		{2D6B1790-2E50-9705-F659-6B12BB096FAA}.Release|Any CPU.Build.0 = Release|Any CPU
		{32EBA3DB-B22A-AA59-F8D3-C2D63FAD137B}.Debug|Any CPU.ActiveCfg = Debug|Any CPU
		{32EBA3DB-B22A-AA59-F8D3-C2D63FAD137B}.Debug|Any CPU.Build.0 = Debug|Any CPU
		{32EBA3DB-B22A-AA59-F8D3-C2D63FAD137B}.Release|Any CPU.ActiveCfg = Release|Any CPU
		{32EBA3DB-B22A-AA59-F8D3-C2D63FAD137B}.Release|Any CPU.Build.0 = Release|Any CPU
		{6419B189-DD2D-2DD9-9DC9-809B48987823}.Debug|Any CPU.ActiveCfg = Debug|Any CPU
		{6419B189-DD2D-2DD9-9DC9-809B48987823}.Debug|Any CPU.Build.0 = Debug|Any CPU
		{6419B189-DD2D-2DD9-9DC9-809B48987823}.Release|Any CPU.ActiveCfg = Release|Any CPU
		{6419B189-DD2D-2DD9-9DC9-809B48987823}.Release|Any CPU.Build.0 = Release|Any CPU
		{DDD5AAAC-45A1-8A1B-D964-A2DA978DED57}.Debug|Any CPU.ActiveCfg = Debug|Any CPU
		{DDD5AAAC-45A1-8A1B-D964-A2DA978DED57}.Debug|Any CPU.Build.0 = Debug|Any CPU
		{DDD5AAAC-45A1-8A1B-D964-A2DA978DED57}.Release|Any CPU.ActiveCfg = Release|Any CPU
		{DDD5AAAC-45A1-8A1B-D964-A2DA978DED57}.Release|Any CPU.Build.0 = Release|Any CPU
		{CB082C09-324D-8075-6F31-0CF72020C04A}.Debug|Any CPU.ActiveCfg = Debug|Any CPU
		{CB082C09-324D-8075-6F31-0CF72020C04A}.Debug|Any CPU.Build.0 = Debug|Any CPU
		{CB082C09-324D-8075-6F31-0CF72020C04A}.Release|Any CPU.ActiveCfg = Release|Any CPU
		{CB082C09-324D-8075-6F31-0CF72020C04A}.Release|Any CPU.Build.0 = Release|Any CPU
	EndGlobalSection
	GlobalSection(SolutionProperties) = preSolution
		HideSolutionNode = FALSE
	EndGlobalSection
EndGlobal
